// !$*UTF8*$!
{
	archiveVersion = 1;
	classes = {
	};
	objectVersion = 77;
	objects = {

/* Begin PBXContainerItemProxy section */
		6A57422D2CF24982004EFE44 /* PBXContainerItemProxy */ = {
			isa = PBXContainerItemProxy;
			containerPortal = 6A57420E2CF24982004EFE44 /* Project object */;
			proxyType = 1;
			remoteGlobalIDString = 6A5742152CF24982004EFE44;
			remoteInfo = "dragonball-reactividad-y-asincronismo";
		};
		6A5742372CF24982004EFE44 /* PBXContainerItemProxy */ = {
			isa = PBXContainerItemProxy;
			containerPortal = 6A57420E2CF24982004EFE44 /* Project object */;
			proxyType = 1;
			remoteGlobalIDString = 6A5742152CF24982004EFE44;
			remoteInfo = "dragonball-reactividad-y-asincronismo";
		};
/* End PBXContainerItemProxy section */

/* Begin PBXFileReference section */
		6A5742162CF24982004EFE44 /* dragonball-reactividad-y-asincronismo.app */ = {isa = PBXFileReference; explicitFileType = wrapper.application; includeInIndex = 0; path = "dragonball-reactividad-y-asincronismo.app"; sourceTree = BUILT_PRODUCTS_DIR; };
		6A57422C2CF24982004EFE44 /* dragonball-reactividad-y-asincronismoTests.xctest */ = {isa = PBXFileReference; explicitFileType = wrapper.cfbundle; includeInIndex = 0; path = "dragonball-reactividad-y-asincronismoTests.xctest"; sourceTree = BUILT_PRODUCTS_DIR; };
		6A5742362CF24982004EFE44 /* dragonball-reactividad-y-asincronismoUITests.xctest */ = {isa = PBXFileReference; explicitFileType = wrapper.cfbundle; includeInIndex = 0; path = "dragonball-reactividad-y-asincronismoUITests.xctest"; sourceTree = BUILT_PRODUCTS_DIR; };
/* End PBXFileReference section */

/* Begin PBXFileSystemSynchronizedBuildFileExceptionSet section */
		6A57423E2CF24982004EFE44 /* Exceptions for "dragonball-reactividad-y-asincronismo" folder in "dragonball-reactividad-y-asincronismo" target */ = {
			isa = PBXFileSystemSynchronizedBuildFileExceptionSet;
			membershipExceptions = (
				Info.plist,
			);
			target = 6A5742152CF24982004EFE44 /* dragonball-reactividad-y-asincronismo */;
		};
/* End PBXFileSystemSynchronizedBuildFileExceptionSet section */

/* Begin PBXFileSystemSynchronizedRootGroup section */
		6A5742182CF24982004EFE44 /* dragonball-reactividad-y-asincronismo */ = {
			isa = PBXFileSystemSynchronizedRootGroup;
			exceptions = (
				6A57423E2CF24982004EFE44 /* Exceptions for "dragonball-reactividad-y-asincronismo" folder in "dragonball-reactividad-y-asincronismo" target */,
			);
			path = "dragonball-reactividad-y-asincronismo";
			sourceTree = "<group>";
		};
		6A57422F2CF24982004EFE44 /* dragonball-reactividad-y-asincronismoTests */ = {
			isa = PBXFileSystemSynchronizedRootGroup;
			path = "dragonball-reactividad-y-asincronismoTests";
			sourceTree = "<group>";
		};
		6A5742392CF24982004EFE44 /* dragonball-reactividad-y-asincronismoUITests */ = {
			isa = PBXFileSystemSynchronizedRootGroup;
			path = "dragonball-reactividad-y-asincronismoUITests";
			sourceTree = "<group>";
		};
/* End PBXFileSystemSynchronizedRootGroup section */

/* Begin PBXFrameworksBuildPhase section */
		6A5742132CF24982004EFE44 /* Frameworks */ = {
			isa = PBXFrameworksBuildPhase;
			buildActionMask = 2147483647;
			files = (
			);
			runOnlyForDeploymentPostprocessing = 0;
		};
		6A5742292CF24982004EFE44 /* Frameworks */ = {
			isa = PBXFrameworksBuildPhase;
			buildActionMask = 2147483647;
			files = (
			);
			runOnlyForDeploymentPostprocessing = 0;
		};
		6A5742332CF24982004EFE44 /* Frameworks */ = {
			isa = PBXFrameworksBuildPhase;
			buildActionMask = 2147483647;
			files = (
			);
			runOnlyForDeploymentPostprocessing = 0;
		};
/* End PBXFrameworksBuildPhase section */

/* Begin PBXGroup section */
		6A57420D2CF24982004EFE44 = {
			isa = PBXGroup;
			children = (
				6A5742182CF24982004EFE44 /* dragonball-reactividad-y-asincronismo */,
				6A57422F2CF24982004EFE44 /* dragonball-reactividad-y-asincronismoTests */,
				6A5742392CF24982004EFE44 /* dragonball-reactividad-y-asincronismoUITests */,
				6A5742172CF24982004EFE44 /* Products */,
			);
			sourceTree = "<group>";
		};
		6A5742172CF24982004EFE44 /* Products */ = {
			isa = PBXGroup;
			children = (
				6A5742162CF24982004EFE44 /* dragonball-reactividad-y-asincronismo.app */,
				6A57422C2CF24982004EFE44 /* dragonball-reactividad-y-asincronismoTests.xctest */,
				6A5742362CF24982004EFE44 /* dragonball-reactividad-y-asincronismoUITests.xctest */,
			);
			name = Products;
			sourceTree = "<group>";
		};
/* End PBXGroup section */

/* Begin PBXNativeTarget section */
		6A5742152CF24982004EFE44 /* dragonball-reactividad-y-asincronismo */ = {
			isa = PBXNativeTarget;
			buildConfigurationList = 6A57423F2CF24982004EFE44 /* Build configuration list for PBXNativeTarget "dragonball-reactividad-y-asincronismo" */;
			buildPhases = (
				6A5742122CF24982004EFE44 /* Sources */,
				6A5742132CF24982004EFE44 /* Frameworks */,
				6A5742142CF24982004EFE44 /* Resources */,
			);
			buildRules = (
			);
			dependencies = (
			);
			fileSystemSynchronizedGroups = (
				6A5742182CF24982004EFE44 /* dragonball-reactividad-y-asincronismo */,
			);
			name = "dragonball-reactividad-y-asincronismo";
			packageProductDependencies = (
			);
			productName = "dragonball-reactividad-y-asincronismo";
			productReference = 6A5742162CF24982004EFE44 /* dragonball-reactividad-y-asincronismo.app */;
			productType = "com.apple.product-type.application";
		};
		6A57422B2CF24982004EFE44 /* dragonball-reactividad-y-asincronismoTests */ = {
			isa = PBXNativeTarget;
			buildConfigurationList = 6A5742442CF24982004EFE44 /* Build configuration list for PBXNativeTarget "dragonball-reactividad-y-asincronismoTests" */;
			buildPhases = (
				6A5742282CF24982004EFE44 /* Sources */,
				6A5742292CF24982004EFE44 /* Frameworks */,
				6A57422A2CF24982004EFE44 /* Resources */,
			);
			buildRules = (
			);
			dependencies = (
				6A57422E2CF24982004EFE44 /* PBXTargetDependency */,
			);
			fileSystemSynchronizedGroups = (
				6A57422F2CF24982004EFE44 /* dragonball-reactividad-y-asincronismoTests */,
			);
			name = "dragonball-reactividad-y-asincronismoTests";
			packageProductDependencies = (
			);
			productName = "dragonball-reactividad-y-asincronismoTests";
			productReference = 6A57422C2CF24982004EFE44 /* dragonball-reactividad-y-asincronismoTests.xctest */;
			productType = "com.apple.product-type.bundle.unit-test";
		};
		6A5742352CF24982004EFE44 /* dragonball-reactividad-y-asincronismoUITests */ = {
			isa = PBXNativeTarget;
			buildConfigurationList = 6A5742472CF24982004EFE44 /* Build configuration list for PBXNativeTarget "dragonball-reactividad-y-asincronismoUITests" */;
			buildPhases = (
				6A5742322CF24982004EFE44 /* Sources */,
				6A5742332CF24982004EFE44 /* Frameworks */,
				6A5742342CF24982004EFE44 /* Resources */,
			);
			buildRules = (
			);
			dependencies = (
				6A5742382CF24982004EFE44 /* PBXTargetDependency */,
			);
			fileSystemSynchronizedGroups = (
				6A5742392CF24982004EFE44 /* dragonball-reactividad-y-asincronismoUITests */,
			);
			name = "dragonball-reactividad-y-asincronismoUITests";
			packageProductDependencies = (
			);
			productName = "dragonball-reactividad-y-asincronismoUITests";
			productReference = 6A5742362CF24982004EFE44 /* dragonball-reactividad-y-asincronismoUITests.xctest */;
			productType = "com.apple.product-type.bundle.ui-testing";
		};
/* End PBXNativeTarget section */

/* Begin PBXProject section */
		6A57420E2CF24982004EFE44 /* Project object */ = {
			isa = PBXProject;
			attributes = {
				BuildIndependentTargetsInParallel = 1;
				LastSwiftUpdateCheck = 1610;
				LastUpgradeCheck = 1610;
				TargetAttributes = {
					6A5742152CF24982004EFE44 = {
						CreatedOnToolsVersion = 16.1;
					};
					6A57422B2CF24982004EFE44 = {
						CreatedOnToolsVersion = 16.1;
						TestTargetID = 6A5742152CF24982004EFE44;
					};
					6A5742352CF24982004EFE44 = {
						CreatedOnToolsVersion = 16.1;
						TestTargetID = 6A5742152CF24982004EFE44;
					};
				};
			};
			buildConfigurationList = 6A5742112CF24982004EFE44 /* Build configuration list for PBXProject "dragonball-reactividad-y-asincronismo" */;
			developmentRegion = en;
			hasScannedForEncodings = 0;
			knownRegions = (
				en,
				Base,
			);
			mainGroup = 6A57420D2CF24982004EFE44;
			minimizedProjectReferenceProxies = 1;
			preferredProjectObjectVersion = 77;
			productRefGroup = 6A5742172CF24982004EFE44 /* Products */;
			projectDirPath = "";
			projectRoot = "";
			targets = (
				6A5742152CF24982004EFE44 /* dragonball-reactividad-y-asincronismo */,
				6A57422B2CF24982004EFE44 /* dragonball-reactividad-y-asincronismoTests */,
				6A5742352CF24982004EFE44 /* dragonball-reactividad-y-asincronismoUITests */,
			);
		};
/* End PBXProject section */

/* Begin PBXResourcesBuildPhase section */
		6A5742142CF24982004EFE44 /* Resources */ = {
			isa = PBXResourcesBuildPhase;
			buildActionMask = 2147483647;
			files = (
			);
			runOnlyForDeploymentPostprocessing = 0;
		};
		6A57422A2CF24982004EFE44 /* Resources */ = {
			isa = PBXResourcesBuildPhase;
			buildActionMask = 2147483647;
			files = (
			);
			runOnlyForDeploymentPostprocessing = 0;
		};
		6A5742342CF24982004EFE44 /* Resources */ = {
			isa = PBXResourcesBuildPhase;
			buildActionMask = 2147483647;
			files = (
			);
			runOnlyForDeploymentPostprocessing = 0;
		};
/* End PBXResourcesBuildPhase section */

/* Begin PBXSourcesBuildPhase section */
		6A5742122CF24982004EFE44 /* Sources */ = {
			isa = PBXSourcesBuildPhase;
			buildActionMask = 2147483647;
			files = (
			);
			runOnlyForDeploymentPostprocessing = 0;
		};
		6A5742282CF24982004EFE44 /* Sources */ = {
			isa = PBXSourcesBuildPhase;
			buildActionMask = 2147483647;
			files = (
			);
			runOnlyForDeploymentPostprocessing = 0;
		};
		6A5742322CF24982004EFE44 /* Sources */ = {
			isa = PBXSourcesBuildPhase;
			buildActionMask = 2147483647;
			files = (
			);
			runOnlyForDeploymentPostprocessing = 0;
		};
/* End PBXSourcesBuildPhase section */

/* Begin PBXTargetDependency section */
		6A57422E2CF24982004EFE44 /* PBXTargetDependency */ = {
			isa = PBXTargetDependency;
			target = 6A5742152CF24982004EFE44 /* dragonball-reactividad-y-asincronismo */;
			targetProxy = 6A57422D2CF24982004EFE44 /* PBXContainerItemProxy */;
		};
		6A5742382CF24982004EFE44 /* PBXTargetDependency */ = {
			isa = PBXTargetDependency;
			target = 6A5742152CF24982004EFE44 /* dragonball-reactividad-y-asincronismo */;
			targetProxy = 6A5742372CF24982004EFE44 /* PBXContainerItemProxy */;
		};
/* End PBXTargetDependency section */

/* Begin XCBuildConfiguration section */
		6A5742402CF24982004EFE44 /* Debug */ = {
			isa = XCBuildConfiguration;
			buildSettings = {
				ASSETCATALOG_COMPILER_APPICON_NAME = AppIcon;
				ASSETCATALOG_COMPILER_GLOBAL_ACCENT_COLOR_NAME = AccentColor;
				CODE_SIGN_STYLE = Automatic;
				CURRENT_PROJECT_VERSION = 1;
				DEVELOPMENT_TEAM = F52LBCNW86;
				GENERATE_INFOPLIST_FILE = YES;
				INFOPLIST_FILE = "dragonball-reactividad-y-asincronismo/Info.plist";
				INFOPLIST_KEY_UIApplicationSupportsIndirectInputEvents = YES;
				INFOPLIST_KEY_UILaunchStoryboardName = LaunchScreen;
				INFOPLIST_KEY_UIMainStoryboardFile = Main;
				INFOPLIST_KEY_UISupportedInterfaceOrientations_iPad = "UIInterfaceOrientationPortrait UIInterfaceOrientationPortraitUpsideDown UIInterfaceOrientationLandscapeLeft UIInterfaceOrientationLandscapeRight";
				INFOPLIST_KEY_UISupportedInterfaceOrientations_iPhone = "UIInterfaceOrientationPortrait UIInterfaceOrientationLandscapeLeft UIInterfaceOrientationLandscapeRight";
				LD_RUNPATH_SEARCH_PATHS = (
					"$(inherited)",
					"@executable_path/Frameworks",
				);
				MARKETING_VERSION = 1.0;
				PRODUCT_BUNDLE_IDENTIFIER = "com.keepcoding.dragonball-reactividad-y-asincronismo";
				PRODUCT_NAME = "$(TARGET_NAME)";
				SWIFT_EMIT_LOC_STRINGS = YES;
				SWIFT_VERSION = 5.0;
				TARGETED_DEVICE_FAMILY = "1,2";
			};
			name = Debug;
		};
		6A5742412CF24982004EFE44 /* Release */ = {
			isa = XCBuildConfiguration;
			buildSettings = {
				ASSETCATALOG_COMPILER_APPICON_NAME = AppIcon;
				ASSETCATALOG_COMPILER_GLOBAL_ACCENT_COLOR_NAME = AccentColor;
				CODE_SIGN_STYLE = Automatic;
				CURRENT_PROJECT_VERSION = 1;
				DEVELOPMENT_TEAM = F52LBCNW86;
				GENERATE_INFOPLIST_FILE = YES;
				INFOPLIST_FILE = "dragonball-reactividad-y-asincronismo/Info.plist";
				INFOPLIST_KEY_UIApplicationSupportsIndirectInputEvents = YES;
				INFOPLIST_KEY_UILaunchStoryboardName = LaunchScreen;
				INFOPLIST_KEY_UIMainStoryboardFile = Main;
				INFOPLIST_KEY_UISupportedInterfaceOrientations_iPad = "UIInterfaceOrientationPortrait UIInterfaceOrientationPortraitUpsideDown UIInterfaceOrientationLandscapeLeft UIInterfaceOrientationLandscapeRight";
				INFOPLIST_KEY_UISupportedInterfaceOrientations_iPhone = "UIInterfaceOrientationPortrait UIInterfaceOrientationLandscapeLeft UIInterfaceOrientationLandscapeRight";
				LD_RUNPATH_SEARCH_PATHS = (
					"$(inherited)",
					"@executable_path/Frameworks",
				);
				MARKETING_VERSION = 1.0;
				PRODUCT_BUNDLE_IDENTIFIER = "com.keepcoding.dragonball-reactividad-y-asincronismo";
				PRODUCT_NAME = "$(TARGET_NAME)";
				SWIFT_EMIT_LOC_STRINGS = YES;
				SWIFT_VERSION = 5.0;
				TARGETED_DEVICE_FAMILY = "1,2";
			};
			name = Release;
		};
		6A5742422CF24982004EFE44 /* Debug */ = {
			isa = XCBuildConfiguration;
			buildSettings = {
				ALWAYS_SEARCH_USER_PATHS = NO;
				ASSETCATALOG_COMPILER_GENERATE_SWIFT_ASSET_SYMBOL_EXTENSIONS = YES;
				CLANG_ANALYZER_NONNULL = YES;
				CLANG_ANALYZER_NUMBER_OBJECT_CONVERSION = YES_AGGRESSIVE;
				CLANG_CXX_LANGUAGE_STANDARD = "gnu++20";
				CLANG_ENABLE_MODULES = YES;
				CLANG_ENABLE_OBJC_ARC = YES;
				CLANG_ENABLE_OBJC_WEAK = YES;
				CLANG_WARN_BLOCK_CAPTURE_AUTORELEASING = YES;
				CLANG_WARN_BOOL_CONVERSION = YES;
				CLANG_WARN_COMMA = YES;
				CLANG_WARN_CONSTANT_CONVERSION = YES;
				CLANG_WARN_DEPRECATED_OBJC_IMPLEMENTATIONS = YES;
				CLANG_WARN_DIRECT_OBJC_ISA_USAGE = YES_ERROR;
				CLANG_WARN_DOCUMENTATION_COMMENTS = YES;
				CLANG_WARN_EMPTY_BODY = YES;
				CLANG_WARN_ENUM_CONVERSION = YES;
				CLANG_WARN_INFINITE_RECURSION = YES;
				CLANG_WARN_INT_CONVERSION = YES;
				CLANG_WARN_NON_LITERAL_NULL_CONVERSION = YES;
				CLANG_WARN_OBJC_IMPLICIT_RETAIN_SELF = YES;
				CLANG_WARN_OBJC_LITERAL_CONVERSION = YES;
				CLANG_WARN_OBJC_ROOT_CLASS = YES_ERROR;
				CLANG_WARN_QUOTED_INCLUDE_IN_FRAMEWORK_HEADER = YES;
				CLANG_WARN_RANGE_LOOP_ANALYSIS = YES;
				CLANG_WARN_STRICT_PROTOTYPES = YES;
				CLANG_WARN_SUSPICIOUS_MOVE = YES;
				CLANG_WARN_UNGUARDED_AVAILABILITY = YES_AGGRESSIVE;
				CLANG_WARN_UNREACHABLE_CODE = YES;
				CLANG_WARN__DUPLICATE_METHOD_MATCH = YES;
				COPY_PHASE_STRIP = NO;
				DEBUG_INFORMATION_FORMAT = dwarf;
				ENABLE_STRICT_OBJC_MSGSEND = YES;
				ENABLE_TESTABILITY = YES;
				ENABLE_USER_SCRIPT_SANDBOXING = YES;
				GCC_C_LANGUAGE_STANDARD = gnu17;
				GCC_DYNAMIC_NO_PIC = NO;
				GCC_NO_COMMON_BLOCKS = YES;
				GCC_OPTIMIZATION_LEVEL = 0;
				GCC_PREPROCESSOR_DEFINITIONS = (
					"DEBUG=1",
					"$(inherited)",
				);
				GCC_WARN_64_TO_32_BIT_CONVERSION = YES;
				GCC_WARN_ABOUT_RETURN_TYPE = YES_ERROR;
				GCC_WARN_UNDECLARED_SELECTOR = YES;
				GCC_WARN_UNINITIALIZED_AUTOS = YES_AGGRESSIVE;
				GCC_WARN_UNUSED_FUNCTION = YES;
				GCC_WARN_UNUSED_VARIABLE = YES;
				IPHONEOS_DEPLOYMENT_TARGET = 18.1;
				LOCALIZATION_PREFERS_STRING_CATALOGS = YES;
				MTL_ENABLE_DEBUG_INFO = INCLUDE_SOURCE;
				MTL_FAST_MATH = YES;
				ONLY_ACTIVE_ARCH = YES;
				SDKROOT = iphoneos;
				SWIFT_ACTIVE_COMPILATION_CONDITIONS = "DEBUG $(inherited)";
				SWIFT_OPTIMIZATION_LEVEL = "-Onone";
			};
			name = Debug;
		};
		6A5742432CF24982004EFE44 /* Release */ = {
			isa = XCBuildConfiguration;
			buildSettings = {
				ALWAYS_SEARCH_USER_PATHS = NO;
				ASSETCATALOG_COMPILER_GENERATE_SWIFT_ASSET_SYMBOL_EXTENSIONS = YES;
				CLANG_ANALYZER_NONNULL = YES;
				CLANG_ANALYZER_NUMBER_OBJECT_CONVERSION = YES_AGGRESSIVE;
				CLANG_CXX_LANGUAGE_STANDARD = "gnu++20";
				CLANG_ENABLE_MODULES = YES;
				CLANG_ENABLE_OBJC_ARC = YES;
				CLANG_ENABLE_OBJC_WEAK = YES;
				CLANG_WARN_BLOCK_CAPTURE_AUTORELEASING = YES;
				CLANG_WARN_BOOL_CONVERSION = YES;
				CLANG_WARN_COMMA = YES;
				CLANG_WARN_CONSTANT_CONVERSION = YES;
				CLANG_WARN_DEPRECATED_OBJC_IMPLEMENTATIONS = YES;
				CLANG_WARN_DIRECT_OBJC_ISA_USAGE = YES_ERROR;
				CLANG_WARN_DOCUMENTATION_COMMENTS = YES;
				CLANG_WARN_EMPTY_BODY = YES;
				CLANG_WARN_ENUM_CONVERSION = YES;
				CLANG_WARN_INFINITE_RECURSION = YES;
				CLANG_WARN_INT_CONVERSION = YES;
				CLANG_WARN_NON_LITERAL_NULL_CONVERSION = YES;
				CLANG_WARN_OBJC_IMPLICIT_RETAIN_SELF = YES;
				CLANG_WARN_OBJC_LITERAL_CONVERSION = YES;
				CLANG_WARN_OBJC_ROOT_CLASS = YES_ERROR;
				CLANG_WARN_QUOTED_INCLUDE_IN_FRAMEWORK_HEADER = YES;
				CLANG_WARN_RANGE_LOOP_ANALYSIS = YES;
				CLANG_WARN_STRICT_PROTOTYPES = YES;
				CLANG_WARN_SUSPICIOUS_MOVE = YES;
				CLANG_WARN_UNGUARDED_AVAILABILITY = YES_AGGRESSIVE;
				CLANG_WARN_UNREACHABLE_CODE = YES;
				CLANG_WARN__DUPLICATE_METHOD_MATCH = YES;
				COPY_PHASE_STRIP = NO;
				DEBUG_INFORMATION_FORMAT = "dwarf-with-dsym";
				ENABLE_NS_ASSERTIONS = NO;
				ENABLE_STRICT_OBJC_MSGSEND = YES;
				ENABLE_USER_SCRIPT_SANDBOXING = YES;
				GCC_C_LANGUAGE_STANDARD = gnu17;
				GCC_NO_COMMON_BLOCKS = YES;
				GCC_WARN_64_TO_32_BIT_CONVERSION = YES;
				GCC_WARN_ABOUT_RETURN_TYPE = YES_ERROR;
				GCC_WARN_UNDECLARED_SELECTOR = YES;
				GCC_WARN_UNINITIALIZED_AUTOS = YES_AGGRESSIVE;
				GCC_WARN_UNUSED_FUNCTION = YES;
				GCC_WARN_UNUSED_VARIABLE = YES;
				IPHONEOS_DEPLOYMENT_TARGET = 18.1;
				LOCALIZATION_PREFERS_STRING_CATALOGS = YES;
				MTL_ENABLE_DEBUG_INFO = NO;
				MTL_FAST_MATH = YES;
				SDKROOT = iphoneos;
				SWIFT_COMPILATION_MODE = wholemodule;
				VALIDATE_PRODUCT = YES;
			};
			name = Release;
		};
		6A5742452CF24982004EFE44 /* Debug */ = {
			isa = XCBuildConfiguration;
			buildSettings = {
				BUNDLE_LOADER = "$(TEST_HOST)";
				CODE_SIGN_STYLE = Automatic;
				CURRENT_PROJECT_VERSION = 1;
				DEVELOPMENT_TEAM = F52LBCNW86;
				GENERATE_INFOPLIST_FILE = YES;
				IPHONEOS_DEPLOYMENT_TARGET = 18.1;
				MARKETING_VERSION = 1.0;
				PRODUCT_BUNDLE_IDENTIFIER = "com.keepcoding.dragonball-reactividad-y-asincronismoTests";
				PRODUCT_NAME = "$(TARGET_NAME)";
				SWIFT_EMIT_LOC_STRINGS = NO;
				SWIFT_VERSION = 5.0;
				TARGETED_DEVICE_FAMILY = "1,2";
				TEST_HOST = "$(BUILT_PRODUCTS_DIR)/dragonball-reactividad-y-asincronismo.app/$(BUNDLE_EXECUTABLE_FOLDER_PATH)/dragonball-reactividad-y-asincronismo";
			};
			name = Debug;
		};
		6A5742462CF24982004EFE44 /* Release */ = {
			isa = XCBuildConfiguration;
			buildSettings = {
				BUNDLE_LOADER = "$(TEST_HOST)";
				CODE_SIGN_STYLE = Automatic;
				CURRENT_PROJECT_VERSION = 1;
				DEVELOPMENT_TEAM = F52LBCNW86;
				GENERATE_INFOPLIST_FILE = YES;
				IPHONEOS_DEPLOYMENT_TARGET = 18.1;
				MARKETING_VERSION = 1.0;
				PRODUCT_BUNDLE_IDENTIFIER = "com.keepcoding.dragonball-reactividad-y-asincronismoTests";
				PRODUCT_NAME = "$(TARGET_NAME)";
				SWIFT_EMIT_LOC_STRINGS = NO;
				SWIFT_VERSION = 5.0;
				TARGETED_DEVICE_FAMILY = "1,2";
				TEST_HOST = "$(BUILT_PRODUCTS_DIR)/dragonball-reactividad-y-asincronismo.app/$(BUNDLE_EXECUTABLE_FOLDER_PATH)/dragonball-reactividad-y-asincronismo";
			};
			name = Release;
		};
		6A5742482CF24982004EFE44 /* Debug */ = {
			isa = XCBuildConfiguration;
			buildSettings = {
				CODE_SIGN_STYLE = Automatic;
				CURRENT_PROJECT_VERSION = 1;
				DEVELOPMENT_TEAM = F52LBCNW86;
				GENERATE_INFOPLIST_FILE = YES;
				MARKETING_VERSION = 1.0;
				PRODUCT_BUNDLE_IDENTIFIER = "com.keepcoding.dragonball-reactividad-y-asincronismoUITests";
				PRODUCT_NAME = "$(TARGET_NAME)";
				SWIFT_EMIT_LOC_STRINGS = NO;
				SWIFT_VERSION = 5.0;
				TARGETED_DEVICE_FAMILY = "1,2";
				TEST_TARGET_NAME = "dragonball-reactividad-y-asincronismo";
			};
			name = Debug;
		};
		6A5742492CF24982004EFE44 /* Release */ = {
			isa = XCBuildConfiguration;
			buildSettings = {
				CODE_SIGN_STYLE = Automatic;
				CURRENT_PROJECT_VERSION = 1;
				DEVELOPMENT_TEAM = F52LBCNW86;
				GENERATE_INFOPLIST_FILE = YES;
				MARKETING_VERSION = 1.0;
				PRODUCT_BUNDLE_IDENTIFIER = "com.keepcoding.dragonball-reactividad-y-asincronismoUITests";
				PRODUCT_NAME = "$(TARGET_NAME)";
				SWIFT_EMIT_LOC_STRINGS = NO;
				SWIFT_VERSION = 5.0;
				TARGETED_DEVICE_FAMILY = "1,2";
				TEST_TARGET_NAME = "dragonball-reactividad-y-asincronismo";
			};
			name = Release;
		};
/* End XCBuildConfiguration section */

/* Begin XCConfigurationList section */
		6A5742112CF24982004EFE44 /* Build configuration list for PBXProject "dragonball-reactividad-y-asincronismo" */ = {
			isa = XCConfigurationList;
			buildConfigurations = (
				6A5742422CF24982004EFE44 /* Debug */,
				6A5742432CF24982004EFE44 /* Release */,
			);
			defaultConfigurationIsVisible = 0;
			defaultConfigurationName = Release;
		};
		6A57423F2CF24982004EFE44 /* Build configuration list for PBXNativeTarget "dragonball-reactividad-y-asincronismo" */ = {
			isa = XCConfigurationList;
			buildConfigurations = (
				6A5742402CF24982004EFE44 /* Debug */,
				6A5742412CF24982004EFE44 /* Release */,
			);
			defaultConfigurationIsVisible = 0;
			defaultConfigurationName = Release;
		};
		6A5742442CF24982004EFE44 /* Build configuration list for PBXNativeTarget "dragonball-reactividad-y-asincronismoTests" */ = {
			isa = XCConfigurationList;
			buildConfigurations = (
				6A5742452CF24982004EFE44 /* Debug */,
				6A5742462CF24982004EFE44 /* Release */,
			);
			defaultConfigurationIsVisible = 0;
			defaultConfigurationName = Release;
		};
		6A5742472CF24982004EFE44 /* Build configuration list for PBXNativeTarget "dragonball-reactividad-y-asincronismoUITests" */ = {
			isa = XCConfigurationList;
			buildConfigurations = (
				6A5742482CF24982004EFE44 /* Debug */,
				6A5742492CF24982004EFE44 /* Release */,
			);
			defaultConfigurationIsVisible = 0;
			defaultConfigurationName = Release;
		};
/* End XCConfigurationList section */
	};
	rootObject = 6A57420E2CF24982004EFE44 /* Project object */;
}
